
Microsoft Visual Studio Solution File, Format Version 12.00
# Visual Studio Version 16
VisualStudioVersion = 16.0.30011.22
MinimumVisualStudioVersion = 10.0.40219.1
Project("{FAE04EC0-301F-11D3-BF4B-00C04F79EFBC}") = "ProjekatSims", "ProjekatSims\ProjekatSims.csproj", "{74207D9E-F955-4C1D-A28D-85EEE47F5C48}"
EndProject
Global
	GlobalSection(SolutionConfigurationPlatforms) = preSolution
		Debug|Any CPU = Debug|Any CPU
		Release|Any CPU = Release|Any CPU
	EndGlobalSection
	GlobalSection(ProjectConfigurationPlatforms) = postSolution
		{74207D9E-F955-4C1D-A28D-85EEE47F5C48}.Debug|Any CPU.ActiveCfg = Debug|Any CPU
		{74207D9E-F955-4C1D-A28D-85EEE47F5C48}.Debug|Any CPU.Build.0 = Debug|Any CPU
		{74207D9E-F955-4C1D-A28D-85EEE47F5C48}.Release|Any CPU.ActiveCfg = Release|Any CPU
		{74207D9E-F955-4C1D-A28D-85EEE47F5C48}.Release|Any CPU.Build.0 = Release|Any CPU
	EndGlobalSection
	GlobalSection(SolutionProperties) = preSolution
		HideSolutionNode = FALSE
	EndGlobalSection
	GlobalSection(ExtensibilityGlobals) = postSolution
		SolutionGuid = {267E630C-E6E7-4052-B846-DDE7718A74F2}
	EndGlobalSection
EndGlobal
